
Microsoft Visual Studio Solution File, Format Version 12.00
# Visual Studio Version 17
VisualStudioVersion = 17.6.33829.357
MinimumVisualStudioVersion = 10.0.40219.1
Project("{FAE04EC0-301F-11D3-BF4B-00C04F79EFBC}") = "HangfireDemo", "HangfireDemo.csproj", "{13950113-C58B-43DE-AAA9-006C84D99BC0}"
EndProject
Global
	GlobalSection(SolutionConfigurationPlatforms) = preSolution
		Debug|Any CPU = Debug|Any CPU
		Release|Any CPU = Release|Any CPU
	EndGlobalSection
	GlobalSection(ProjectConfigurationPlatforms) = postSolution
		{13950113-C58B-43DE-AAA9-006C84D99BC0}.Debug|Any CPU.ActiveCfg = Debug|Any CPU
		{13950113-C58B-43DE-AAA9-006C84D99BC0}.Debug|Any CPU.Build.0 = Debug|Any CPU
		{13950113-C58B-43DE-AAA9-006C84D99BC0}.Release|Any CPU.ActiveCfg = Release|Any CPU
		{13950113-C58B-43DE-AAA9-006C84D99BC0}.Release|Any CPU.Build.0 = Release|Any CPU
	EndGlobalSection
	GlobalSection(SolutionProperties) = preSolution
		HideSolutionNode = FALSE
	EndGlobalSection
	GlobalSection(ExtensibilityGlobals) = postSolution
		SolutionGuid = {F02FA3A9-F093-4AE2-A7C2-C06E401E242E}
	EndGlobalSection
EndGlobal
